
Microsoft Visual Studio Solution File, Format Version 12.00
# Visual Studio Version 17
VisualStudioVersion = 17.0.31903.59
MinimumVisualStudioVersion = 10.0.40219.1
Project("{FAE04EC0-301F-11D3-BF4B-00C04F79EFBC}") = "Cheese", "Cheese\Cheese.csproj", "{09A0DDB2-6C74-4D82-847A-305CCEBB65C5}"
EndProject
Project("{FAE04EC0-301F-11D3-BF4B-00C04F79EFBC}") = "Cheese.Contract", "Cheese.Contract\Cheese.Contract.csproj", "{3DBE6ABF-ACF7-4499-A4D0-BE98D31DFA61}"
EndProject
Project("{FAE04EC0-301F-11D3-BF4B-00C04F79EFBC}") = "Cheese.Shared", "Cheese.Shared\Cheese.Shared.csproj", "{D78E8C97-0107-4A7F-9566-2DFF092E6048}"
EndProject
Project("{FAE04EC0-301F-11D3-BF4B-00C04F79EFBC}") = "Cheese.UnitTests", "Cheese.UnitTests\Cheese.UnitTests.csproj", "{CD298668-B6AB-4166-A537-94316F947BC9}"
EndProject
Global
	GlobalSection(SolutionConfigurationPlatforms) = preSolution
		Debug|Any CPU = Debug|Any CPU
		Release|Any CPU = Release|Any CPU
	EndGlobalSection
	GlobalSection(SolutionProperties) = preSolution
		HideSolutionNode = FALSE
	EndGlobalSection
	GlobalSection(ProjectConfigurationPlatforms) = postSolution
		{09A0DDB2-6C74-4D82-847A-305CCEBB65C5}.Debug|Any CPU.ActiveCfg = Debug|Any CPU
		{09A0DDB2-6C74-4D82-847A-305CCEBB65C5}.Debug|Any CPU.Build.0 = Debug|Any CPU
		{09A0DDB2-6C74-4D82-847A-305CCEBB65C5}.Release|Any CPU.ActiveCfg = Release|Any CPU
		{09A0DDB2-6C74-4D82-847A-305CCEBB65C5}.Release|Any CPU.Build.0 = Release|Any CPU
		{3DBE6ABF-ACF7-4499-A4D0-BE98D31DFA61}.Debug|Any CPU.ActiveCfg = Debug|Any CPU
		{3DBE6ABF-ACF7-4499-A4D0-BE98D31DFA61}.Debug|Any CPU.Build.0 = Debug|Any CPU
		{3DBE6ABF-ACF7-4499-A4D0-BE98D31DFA61}.Release|Any CPU.ActiveCfg = Release|Any CPU
		{3DBE6ABF-ACF7-4499-A4D0-BE98D31DFA61}.Release|Any CPU.Build.0 = Release|Any CPU
		{D78E8C97-0107-4A7F-9566-2DFF092E6048}.Debug|Any CPU.ActiveCfg = Debug|Any CPU
		{D78E8C97-0107-4A7F-9566-2DFF092E6048}.Debug|Any CPU.Build.0 = Debug|Any CPU
		{D78E8C97-0107-4A7F-9566-2DFF092E6048}.Release|Any CPU.ActiveCfg = Release|Any CPU
		{D78E8C97-0107-4A7F-9566-2DFF092E6048}.Release|Any CPU.Build.0 = Release|Any CPU
		{CD298668-B6AB-4166-A537-94316F947BC9}.Debug|Any CPU.ActiveCfg = Debug|Any CPU
		{CD298668-B6AB-4166-A537-94316F947BC9}.Debug|Any CPU.Build.0 = Debug|Any CPU
		{CD298668-B6AB-4166-A537-94316F947BC9}.Release|Any CPU.ActiveCfg = Release|Any CPU
		{CD298668-B6AB-4166-A537-94316F947BC9}.Release|Any CPU.Build.0 = Release|Any CPU
	EndGlobalSection
EndGlobal
